{
  "name": "civa-scripts",
  "version": "1.0.0",
  "lockfileVersion": 3,
  "requires": true,
  "packages": {
    "": {
      "name": "civa-scripts",
      "version": "1.0.0",
      "license": "ISC",
      "dependencies": {
        "nanoid": "^3.3.7",
        "string-similarity-js": "^2.1.4",
        "xlsx": "https://cdn.sheetjs.com/xlsx-0.20.2/xlsx-0.20.2.tgz"
      }
    },
    "node_modules/nanoid": {
      "version": "3.3.7",
      "resolved": "https://registry.npmjs.org/nanoid/-/nanoid-3.3.7.tgz",
      "integrity": "sha512-eSRppjcPIatRIMC1U6UngP8XFcz8MQWGQdt1MTBQ7NaAmvXDfvNxbvWV3x2y6CdEUciCSsDHDQZbhYaB8QEo2g==",
      "funding": [
        {
          "type": "github",
          "url": "https://github.com/sponsors/ai"
        }
      ],
      "bin": {
        "nanoid": "bin/nanoid.cjs"
      },
      "engines": {
        "node": "^10 || ^12 || ^13.7 || ^14 || >=15.0.1"
      }
    },
    "node_modules/string-similarity-js": {
      "version": "2.1.4",
      "resolved": "https://registry.npmjs.org/string-similarity-js/-/string-similarity-js-2.1.4.tgz",
      "integrity": "sha512-uApODZNjCHGYROzDSAdCmAHf60L/pMDHnP/yk6TAbvGg7JSPZlSto/ceCI7hZEqzc53/juU2aOJFkM2yUVTMTA=="
    },
    "node_modules/xlsx": {
      "version": "0.20.2",
      "resolved": "https://cdn.sheetjs.com/xlsx-0.20.2/xlsx-0.20.2.tgz",
      "integrity": "sha512-+nKZ39+nvK7Qq6i0PvWWRA4j/EkfWOtkP/YhMtupm+lJIiHxUrgTr1CcKv1nBk1rHtkRRQ3O2+Ih/q/sA+FXZA==",
      "license": "Apache-2.0",
      "bin": {
        "xlsx": "bin/xlsx.njs"
      },
      "engines": {
        "node": ">=0.8"
      }
    }
  }
}
